# This file is autogenerated, do not edit; changes may be undone by the next 'dep ensure'.


[[projects]]
  branch = "master"
  digest = "1:4b9dbba9c862d0b7b1812a13f3a6ce421f639d3226bc237be49d223c5badce76"
  name = "github.com/cloudflare/tableflip"
  packages = ["."]
  pruneopts = "UT"
  revision = "3728e38f7e51da2c570af557aabefd1798b1c4bb"

[[projects]]
  digest = "1:cf31692c14422fa27c83a05292eb5cbe0fb2775972e8f1f8446a71549bd8980b"
  name = "github.com/pkg/errors"
  packages = ["."]
  pruneopts = "UT"
  revision = "ba968bfe8b2f7e042a574c888954fccecfa385b4"
  version = "v0.8.1"

[solve-meta]
  analyzer-name = "dep"
  analyzer-version = 1
  input-imports = ["github.com/cloudflare/tableflip"]
  solver-name = "gps-cdcl"
  solver-version = 1
